{
  "name": "hongen-edu-apps",
  "version": "1.0.0",
  "lockfileVersion": 3,
  "requires": true,
  "packages": {
    "": {
      "name": "hongen-edu-apps",
      "version": "1.0.0",
      "workspaces": [
        "apps/literacy-app",
        "apps/math-app"
      ],
      "engines": {
        "node": "^20.19.0 || >=22.12.0 <25",
        "npm": ">=10"
      }
    },
    "apps/literacy-app": {
      "version": "0.1.0",
      "dependencies": {
        "gsap": "^3.12.5",
        "pinia": "^2.2.6",
        "vue": "^3.5.13",
        "vue-router": "^4.4.5"
      },
      "devDependencies": {
        "@vitejs/plugin-vue": "^5.2.1",
        "vite": "^5.4.11"
      }
    },
    "apps/literacy-app/node_modules/@babel/helper-string-parser": {
      "version": "7.29.7",
      "license": "MIT",
      "engines": {
        "node": ">=6.9.0"
      }
    },
    "apps/literacy-app/node_modules/@babel/helper-validator-identifier": {
      "version": "7.29.7",
      "license": "MIT",
      "engines": {
        "node": ">=6.9.0"
      }
    },
    "apps/literacy-app/node_modules/@babel/parser": {
      "version": "7.29.8",
      "license": "MIT",
      "dependencies": {
        "@babel/types": "^7.29.8"
      },
      "bin": {
        "parser": "bin/babel-parser.js"
      },
      "engines": {
        "node": ">=6.0.0"
      }
    },
    "apps/literacy-app/node_modules/@babel/types": {
      "version": "7.29.8",
      "license": "MIT",
      "dependencies": {
        "@babel/helper-string-parser": "^7.29.7",
        "@babel/helper-validator-identifier": "^7.29.7"
      },
      "engines": {
        "node": ">=6.9.0"
      }
    },
    "apps/literacy-app/node_modules/@esbuild/linux-x64": {
      "version": "0.21.5",
      "cpu": [
        "x64"
      ],
      "dev": true,
      "license": "MIT",
      "optional": true,
      "os": [
        "linux"
      ],
      "engines": {
        "node": ">=12"
      }
    },
    "apps/literacy-app/node_modules/@jridgewell/sourcemap-codec": {
      "version": "1.5.5",
      "license": "MIT"
    },
    "apps/literacy-app/node_modules/@rollup/rollup-linux-x64-gnu": {
      "version": "4.63.0",
      "cpu": [
        "x64"
      ],
      "dev": true,
      "license": "MIT",
      "optional": true,
      "os": [
        "linux"
      ]
    },
    "apps/literacy-app/node_modules/@types/estree": {
      "version": "1.0.9",
      "dev": true,
      "license": "MIT"
    },
    "apps/literacy-app/node_modules/@vitejs/plugin-vue": {
      "version": "5.2.4",
      "dev": true,
      "license": "MIT",
      "engines": {
        "node": "^18.0.0 || >=20.0.0"
      },
      "peerDependencies": {
        "vite": "^5.0.0 || ^6.0.0",
        "vue": "^3.2.25"
      }
    },
    "apps/literacy-app/node_modules/@vue/compiler-core": {
      "version": "3.5.41",
      "license": "MIT",
      "dependencies": {
        "@babel/parser": "^7.29.8",
        "@vue/shared": "3.5.41",
        "entities": "^7.0.1",
        "estree-walker": "^2.0.2",
        "source-map-js": "^1.2.1"
      }
    },
    "apps/literacy-app/node_modules/@vue/compiler-dom": {
      "version": "3.5.41",
      "license": "MIT",
      "dependencies": {
        "@vue/compiler-core": "3.5.41",
        "@vue/shared": "3.5.41"
      }
    },
    "apps/literacy-app/node_modules/@vue/compiler-sfc": {
      "version": "3.5.41",
      "license": "MIT",
      "dependencies": {
        "@babel/parser": "^7.29.8",
        "@vue/compiler-core": "3.5.41",
        "@vue/compiler-dom": "3.5.41",
        "@vue/compiler-ssr": "3.5.41",
        "@vue/shared": "3.5.41",
        "estree-walker": "^2.0.2",
        "magic-string": "^0.30.21",
        "postcss": "^8.5.19",
        "source-map-js": "^1.2.1"
      }
    },
    "apps/literacy-app/node_modules/@vue/compiler-ssr": {
      "version": "3.5.41",
      "license": "MIT",
      "dependencies": {
        "@vue/compiler-dom": "3.5.41",
        "@vue/shared": "3.5.41"
      }
    },
    "apps/literacy-app/node_modules/@vue/devtools-api": {
      "version": "6.6.4",
      "license": "MIT"
    },
    "apps/literacy-app/node_modules/@vue/reactivity": {
      "version": "3.5.41",
      "license": "MIT",
      "dependencies": {
        "@vue/shared": "3.5.41"
      }
    },
    "apps/literacy-app/node_modules/@vue/runtime-core": {
      "version": "3.5.41",
      "license": "MIT",
      "dependencies": {
        "@vue/reactivity": "3.5.41",
        "@vue/shared": "3.5.41"
      }
    },
    "apps/literacy-app/node_modules/@vue/runtime-dom": {
      "version": "3.5.41",
      "license": "MIT",
      "dependencies": {
        "@vue/reactivity": "3.5.41",
        "@vue/runtime-core": "3.5.41",
        "@vue/shared": "3.5.41",
        "csstype": "^3.2.3"
      }
    },
    "apps/literacy-app/node_modules/@vue/server-renderer": {
      "version": "3.5.41",
      "license": "MIT",
      "dependencies": {
        "@vue/compiler-ssr": "3.5.41",
        "@vue/runtime-dom": "3.5.41",
        "@vue/shared": "3.5.41"
      }
    },
    "apps/literacy-app/node_modules/@vue/shared": {
      "version": "3.5.41",
      "license": "MIT"
    },
    "apps/literacy-app/node_modules/csstype": {
      "version": "3.2.3",
      "license": "MIT"
    },
    "apps/literacy-app/node_modules/entities": {
      "version": "7.0.1",
      "license": "BSD-2-Clause",
      "engines": {
        "node": ">=0.12"
      },
      "funding": {
        "url": "https://github.com/fb55/entities?sponsor=1"
      }
    },
    "apps/literacy-app/node_modules/esbuild": {
      "version": "0.21.5",
      "dev": true,
      "hasInstallScript": true,
      "license": "MIT",
      "bin": {
        "esbuild": "bin/esbuild"
      },
      "engines": {
        "node": ">=12"
      },
      "optionalDependencies": {
        "@esbuild/aix-ppc64": "0.21.5",
        "@esbuild/android-arm": "0.21.5",
        "@esbuild/android-arm64": "0.21.5",
        "@esbuild/android-x64": "0.21.5",
        "@esbuild/darwin-arm64": "0.21.5",
        "@esbuild/darwin-x64": "0.21.5",
        "@esbuild/freebsd-arm64": "0.21.5",
        "@esbuild/freebsd-x64": "0.21.5",
        "@esbuild/linux-arm": "0.21.5",
        "@esbuild/linux-arm64": "0.21.5",
        "@esbuild/linux-ia32": "0.21.5",
        "@esbuild/linux-loong64": "0.21.5",
        "@esbuild/linux-mips64el": "0.21.5",
        "@esbuild/linux-ppc64": "0.21.5",
        "@esbuild/linux-riscv64": "0.21.5",
        "@esbuild/linux-s390x": "0.21.5",
        "@esbuild/linux-x64": "0.21.5",
        "@esbuild/netbsd-x64": "0.21.5",
        "@esbuild/openbsd-x64": "0.21.5",
        "@esbuild/sunos-x64": "0.21.5",
        "@esbuild/win32-arm64": "0.21.5",
        "@esbuild/win32-ia32": "0.21.5",
        "@esbuild/win32-x64": "0.21.5"
      }
    },
    "apps/literacy-app/node_modules/estree-walker": {
      "version": "2.0.2",
      "license": "MIT"
    },
    "apps/literacy-app/node_modules/gsap": {
      "version": "3.15.0",
      "license": "Standard 'no charge' license: https://gsap.com/standard-license."
    },
    "apps/literacy-app/node_modules/magic-string": {
      "version": "0.30.21",
      "license": "MIT",
      "dependencies": {
        "@jridgewell/sourcemap-codec": "^1.5.5"
      }
    },
    "apps/literacy-app/node_modules/nanoid": {
      "version": "3.3.18",
      "funding": [
        {
          "type": "github",
          "url": "https://github.com/sponsors/ai"
        }
      ],
      "license": "MIT",
      "bin": {
        "nanoid": "bin/nanoid.cjs"
      },
      "engines": {
        "node": "^10 || ^12 || ^13.7 || ^14 || >=15.0.1"
      }
    },
    "apps/literacy-app/node_modules/picocolors": {
      "version": "1.1.1",
      "license": "ISC"
    },
    "apps/literacy-app/node_modules/pinia": {
      "version": "2.3.1",
      "license": "MIT",
      "dependencies": {
        "@vue/devtools-api": "^6.6.3",
        "vue-demi": "^0.14.10"
      },
      "funding": {
        "url": "https://github.com/sponsors/posva"
      },
      "peerDependencies": {
        "typescript": ">=4.4.4",
        "vue": "^2.7.0 || ^3.5.11"
      },
      "peerDependenciesMeta": {
        "typescript": {
          "optional": true
        }
      }
    },
    "apps/literacy-app/node_modules/postcss": {
      "version": "8.5.26",
      "funding": [
        {
          "type": "opencollective",
          "url": "https://opencollective.com/postcss/"
        },
        {
          "type": "tidelift",
          "url": "https://tidelift.com/funding/github/npm/postcss"
        },
        {
          "type": "github",
          "url": "https://github.com/sponsors/ai"
        }
      ],
      "license": "MIT",
      "dependencies": {
        "nanoid": "^3.3.17",
        "picocolors": "^1.1.1",
        "source-map-js": "^1.2.1"
      },
      "engines": {
        "node": "^10 || ^12 || >=14"
      }
    },
    "apps/literacy-app/node_modules/rollup": {
      "version": "4.63.0",
      "dev": true,
      "license": "MIT",
      "dependencies": {
        "@types/estree": "1.0.9"
      },
      "bin": {
        "rollup": "dist/bin/rollup"
      },
      "engines": {
        "node": ">=18.0.0",
        "npm": ">=8.0.0"
      },
      "optionalDependencies": {
        "@napi-rs/lzma-linux-x64-gnu": "1.5.1",
        "@rollup/rollup-android-arm-eabi": "4.63.0",
        "@rollup/rollup-android-arm64": "4.63.0",
        "@rollup/rollup-darwin-arm64": "4.63.0",
        "@rollup/rollup-darwin-x64": "4.63.0",
        "@rollup/rollup-freebsd-arm64": "4.63.0",
        "@rollup/rollup-freebsd-x64": "4.63.0",
        "@rollup/rollup-linux-arm-gnueabihf": "4.63.0",
        "@rollup/rollup-linux-arm-musleabihf": "4.63.0",
        "@rollup/rollup-linux-arm64-gnu": "4.63.0",
        "@rollup/rollup-linux-arm64-musl": "4.63.0",
        "@rollup/rollup-linux-loong64-gnu": "4.63.0",
        "@rollup/rollup-linux-loong64-musl": "4.63.0",
        "@rollup/rollup-linux-ppc64-gnu": "4.63.0",
        "@rollup/rollup-linux-ppc64-musl": "4.63.0",
        "@rollup/rollup-linux-riscv64-gnu": "4.63.0",
        "@rollup/rollup-linux-riscv64-musl": "4.63.0",
        "@rollup/rollup-linux-s390x-gnu": "4.63.0",
        "@rollup/rollup-linux-x64-gnu": "4.63.0",
        "@rollup/rollup-linux-x64-musl": "4.63.0",
        "@rollup/rollup-openbsd-x64": "4.63.0",
        "@rollup/rollup-openharmony-arm64": "4.63.0",
        "@rollup/rollup-win32-arm64-msvc": "4.63.0",
        "@rollup/rollup-win32-ia32-msvc": "4.63.0",
        "@rollup/rollup-win32-x64-gnu": "4.63.0",
        "@rollup/rollup-win32-x64-msvc": "4.63.0",
        "fsevents": "~2.3.2"
      }
    },
    "apps/literacy-app/node_modules/source-map-js": {
      "version": "1.2.1",
      "license": "BSD-3-Clause",
      "engines": {
        "node": ">=0.10.0"
      }
    },
    "apps/literacy-app/node_modules/vite": {
      "version": "5.4.21",
      "dev": true,
      "license": "MIT",
      "dependencies": {
        "esbuild": "^0.21.3",
        "postcss": "^8.4.43",
        "rollup": "^4.20.0"
      },
      "bin": {
        "vite": "bin/vite.js"
      },
      "engines": {
        "node": "^18.0.0 || >=20.0.0"
      },
      "funding": {
        "url": "https://github.com/vitejs/vite?sponsor=1"
      },
      "optionalDependencies": {
        "fsevents": "~2.3.3"
      },
      "peerDependencies": {
        "@types/node": "^18.0.0 || >=20.0.0",
        "less": "*",
        "lightningcss": "^1.21.0",
        "sass": "*",
        "sass-embedded": "*",
        "stylus": "*",
        "sugarss": "*",
        "terser": "^5.4.0"
      },
      "peerDependenciesMeta": {
        "@types/node": {
          "optional": true
        },
        "less": {
          "optional": true
        },
        "lightningcss": {
          "optional": true
        },
        "sass": {
          "optional": true
        },
        "sass-embedded": {
          "optional": true
        },
        "stylus": {
          "optional": true
        },
        "sugarss": {
          "optional": true
        },
        "terser": {
          "optional": true
        }
      }
    },
    "apps/literacy-app/node_modules/vue": {
      "version": "3.5.41",
      "license": "MIT",
      "dependencies": {
        "@vue/compiler-dom": "3.5.41",
        "@vue/compiler-sfc": "3.5.41",
        "@vue/runtime-dom": "3.5.41",
        "@vue/server-renderer": "3.5.41",
        "@vue/shared": "3.5.41"
      },
      "peerDependencies": {
        "typescript": "*"
      },
      "peerDependenciesMeta": {
        "typescript": {
          "optional": true
        }
      }
    },
    "apps/literacy-app/node_modules/vue-demi": {
      "version": "0.14.10",
      "hasInstallScript": true,
      "license": "MIT",
      "bin": {
        "vue-demi-fix": "bin/vue-demi-fix.js",
        "vue-demi-switch": "bin/vue-demi-switch.js"
      },
      "engines": {
        "node": ">=12"
      },
      "funding": {
        "url": "https://github.com/sponsors/antfu"
      },
      "peerDependencies": {
        "@vue/composition-api": "^1.0.0-rc.1",
        "vue": "^3.0.0-0 || ^2.6.0"
      },
      "peerDependenciesMeta": {
        "@vue/composition-api": {
          "optional": true
        }
      }
    },
    "apps/literacy-app/node_modules/vue-router": {
      "version": "4.6.4",
      "license": "MIT",
      "dependencies": {
        "@vue/devtools-api": "^6.6.4"
      },
      "funding": {
        "url": "https://github.com/sponsors/posva"
      },
      "peerDependencies": {
        "vue": "^3.5.0"
      }
    },
    "apps/math-app": {
      "version": "0.1.0",
      "dependencies": {
        "gsap": "^3.13.0",
        "pinia": "^3.0.3",
        "vue": "^3.5.18",
        "vue-router": "^4.5.1"
      },
      "devDependencies": {
        "@vitejs/plugin-vue": "^6.0.1",
        "vite": "^7.1.3"
      }
    },
    "apps/math-app/node_modules/@babel/helper-string-parser": {
      "version": "7.29.7",
      "license": "MIT",
      "engines": {
        "node": ">=6.9.0"
      }
    },
    "apps/math-app/node_modules/@babel/helper-validator-identifier": {
      "version": "7.29.7",
      "license": "MIT",
      "engines": {
        "node": ">=6.9.0"
      }
    },
    "apps/math-app/node_modules/@babel/parser": {
      "version": "7.29.8",
      "license": "MIT",
      "dependencies": {
        "@babel/types": "^7.29.8"
      },
      "bin": {
        "parser": "bin/babel-parser.js"
      },
      "engines": {
        "node": ">=6.0.0"
      }
    },
    "apps/math-app/node_modules/@babel/types": {
      "version": "7.29.8",
      "license": "MIT",
      "dependencies": {
        "@babel/helper-string-parser": "^7.29.7",
        "@babel/helper-validator-identifier": "^7.29.7"
      },
      "engines": {
        "node": ">=6.9.0"
      }
    },
    "apps/math-app/node_modules/@esbuild/linux-x64": {
      "version": "0.28.2",
      "cpu": [
        "x64"
      ],
      "dev": true,
      "license": "MIT",
      "optional": true,
      "os": [
        "linux"
      ],
      "engines": {
        "node": ">=18"
      }
    },
    "apps/math-app/node_modules/@jridgewell/sourcemap-codec": {
      "version": "1.5.5",
      "license": "MIT"
    },
    "apps/math-app/node_modules/@rolldown/pluginutils": {
      "version": "1.0.1",
      "dev": true,
      "license": "MIT"
    },
    "apps/math-app/node_modules/@rollup/rollup-linux-x64-gnu": {
      "version": "4.63.0",
      "cpu": [
        "x64"
      ],
      "dev": true,
      "license": "MIT",
      "optional": true,
      "os": [
        "linux"
      ]
    },
    "apps/math-app/node_modules/@types/estree": {
      "version": "1.0.9",
      "dev": true,
      "license": "MIT"
    },
    "apps/math-app/node_modules/@vitejs/plugin-vue": {
      "version": "6.0.8",
      "dev": true,
      "license": "MIT",
      "dependencies": {
        "@rolldown/pluginutils": "^1.0.1"
      },
      "engines": {
        "node": "^20.19.0 || >=22.12.0"
      },
      "peerDependencies": {
        "vite": "^5.0.0 || ^6.0.0 || ^7.0.0 || ^8.0.0",
        "vue": "^3.2.25"
      }
    },
    "apps/math-app/node_modules/@vue/compiler-core": {
      "version": "3.5.41",
      "license": "MIT",
      "dependencies": {
        "@babel/parser": "^7.29.8",
        "@vue/shared": "3.5.41",
        "entities": "^7.0.1",
        "estree-walker": "^2.0.2",
        "source-map-js": "^1.2.1"
      }
    },
    "apps/math-app/node_modules/@vue/compiler-dom": {
      "version": "3.5.41",
      "license": "MIT",
      "dependencies": {
        "@vue/compiler-core": "3.5.41",
        "@vue/shared": "3.5.41"
      }
    },
    "apps/math-app/node_modules/@vue/compiler-sfc": {
      "version": "3.5.41",
      "license": "MIT",
      "dependencies": {
        "@babel/parser": "^7.29.8",
        "@vue/compiler-core": "3.5.41",
        "@vue/compiler-dom": "3.5.41",
        "@vue/compiler-ssr": "3.5.41",
        "@vue/shared": "3.5.41",
        "estree-walker": "^2.0.2",
        "magic-string": "^0.30.21",
        "postcss": "^8.5.19",
        "source-map-js": "^1.2.1"
      }
    },
    "apps/math-app/node_modules/@vue/compiler-ssr": {
      "version": "3.5.41",
      "license": "MIT",
      "dependencies": {
        "@vue/compiler-dom": "3.5.41",
        "@vue/shared": "3.5.41"
      }
    },
    "apps/math-app/node_modules/@vue/devtools-api": {
      "version": "7.7.10",
      "license": "MIT",
      "dependencies": {
        "@vue/devtools-kit": "^7.7.10"
      }
    },
    "apps/math-app/node_modules/@vue/devtools-kit": {
      "version": "7.7.10",
      "license": "MIT",
      "dependencies": {
        "@vue/devtools-shared": "^7.7.10",
        "birpc": "^2.3.0",
        "hookable": "^5.5.3",
        "mitt": "^3.0.1",
        "perfect-debounce": "^1.0.0",
        "speakingurl": "^14.0.1",
        "superjson": "^2.2.2"
      }
    },
    "apps/math-app/node_modules/@vue/devtools-shared": {
      "version": "7.7.10",
      "license": "MIT",
      "dependencies": {
        "rfdc": "^1.4.1"
      }
    },
    "apps/math-app/node_modules/@vue/reactivity": {
      "version": "3.5.41",
      "license": "MIT",
      "dependencies": {
        "@vue/shared": "3.5.41"
      }
    },
    "apps/math-app/node_modules/@vue/runtime-core": {
      "version": "3.5.41",
      "license": "MIT",
      "dependencies": {
        "@vue/reactivity": "3.5.41",
        "@vue/shared": "3.5.41"
      }
    },
    "apps/math-app/node_modules/@vue/runtime-dom": {
      "version": "3.5.41",
      "license": "MIT",
      "dependencies": {
        "@vue/reactivity": "3.5.41",
        "@vue/runtime-core": "3.5.41",
        "@vue/shared": "3.5.41",
        "csstype": "^3.2.3"
      }
    },
    "apps/math-app/node_modules/@vue/server-renderer": {
      "version": "3.5.41",
      "license": "MIT",
      "dependencies": {
        "@vue/compiler-ssr": "3.5.41",
        "@vue/runtime-dom": "3.5.41",
        "@vue/shared": "3.5.41"
      }
    },
    "apps/math-app/node_modules/@vue/shared": {
      "version": "3.5.41",
      "license": "MIT"
    },
    "apps/math-app/node_modules/birpc": {
      "version": "2.9.0",
      "license": "MIT",
      "funding": {
        "url": "https://github.com/sponsors/antfu"
      }
    },
    "apps/math-app/node_modules/copy-anything": {
      "version": "4.1.0",
      "license": "MIT",
      "engines": {
        "node": ">=18"
      },
      "funding": {
        "url": "https://github.com/sponsors/mesqueeb"
      }
    },
    "apps/math-app/node_modules/csstype": {
      "version": "3.2.3",
      "license": "MIT"
    },
    "apps/math-app/node_modules/entities": {
      "version": "7.0.1",
      "license": "BSD-2-Clause",
      "engines": {
        "node": ">=0.12"
      },
      "funding": {
        "url": "https://github.com/fb55/entities?sponsor=1"
      }
    },
    "apps/math-app/node_modules/esbuild": {
      "version": "0.28.2",
      "dev": true,
      "hasInstallScript": true,
      "license": "MIT",
      "bin": {
        "esbuild": "bin/esbuild"
      },
      "engines": {
        "node": ">=18"
      },
      "optionalDependencies": {
        "@esbuild/aix-ppc64": "0.28.2",
        "@esbuild/android-arm": "0.28.2",
        "@esbuild/android-arm64": "0.28.2",
        "@esbuild/android-x64": "0.28.2",
        "@esbuild/darwin-arm64": "0.28.2",
        "@esbuild/darwin-x64": "0.28.2",
        "@esbuild/freebsd-arm64": "0.28.2",
        "@esbuild/freebsd-x64": "0.28.2",
        "@esbuild/linux-arm": "0.28.2",
        "@esbuild/linux-arm64": "0.28.2",
        "@esbuild/linux-ia32": "0.28.2",
        "@esbuild/linux-loong64": "0.28.2",
        "@esbuild/linux-mips64el": "0.28.2",
        "@esbuild/linux-ppc64": "0.28.2",
        "@esbuild/linux-riscv64": "0.28.2",
        "@esbuild/linux-s390x": "0.28.2",
        "@esbuild/linux-x64": "0.28.2",
        "@esbuild/netbsd-arm64": "0.28.2",
        "@esbuild/netbsd-x64": "0.28.2",
        "@esbuild/openbsd-arm64": "0.28.2",
        "@esbuild/openbsd-x64": "0.28.2",
        "@esbuild/openharmony-arm64": "0.28.2",
        "@esbuild/sunos-x64": "0.28.2",
        "@esbuild/win32-arm64": "0.28.2",
        "@esbuild/win32-ia32": "0.28.2",
        "@esbuild/win32-x64": "0.28.2"
      }
    },
    "apps/math-app/node_modules/estree-walker": {
      "version": "2.0.2",
      "license": "MIT"
    },
    "apps/math-app/node_modules/fdir": {
      "version": "6.5.0",
      "dev": true,
      "license": "MIT",
      "engines": {
        "node": ">=12.0.0"
      },
      "peerDependencies": {
        "picomatch": "^3 || ^4"
      },
      "peerDependenciesMeta": {
        "picomatch": {
          "optional": true
        }
      }
    },
    "apps/math-app/node_modules/gsap": {
      "version": "3.15.0",
      "license": "Standard 'no charge' license: https://gsap.com/standard-license."
    },
    "apps/math-app/node_modules/hookable": {
      "version": "5.5.3",
      "license": "MIT"
    },
    "apps/math-app/node_modules/magic-string": {
      "version": "0.30.21",
      "license": "MIT",
      "dependencies": {
        "@jridgewell/sourcemap-codec": "^1.5.5"
      }
    },
    "apps/math-app/node_modules/mitt": {
      "version": "3.0.1",
      "license": "MIT"
    },
    "apps/math-app/node_modules/nanoid": {
      "version": "3.3.18",
      "funding": [
        {
          "type": "github",
          "url": "https://github.com/sponsors/ai"
        }
      ],
      "license": "MIT",
      "bin": {
        "nanoid": "bin/nanoid.cjs"
      },
      "engines": {
        "node": "^10 || ^12 || ^13.7 || ^14 || >=15.0.1"
      }
    },
    "apps/math-app/node_modules/perfect-debounce": {
      "version": "1.0.0",
      "license": "MIT"
    },
    "apps/math-app/node_modules/picocolors": {
      "version": "1.1.1",
      "license": "ISC"
    },
    "apps/math-app/node_modules/picomatch": {
      "version": "4.0.7",
      "dev": true,
      "license": "MIT",
      "engines": {
        "node": ">=12"
      },
      "funding": {
        "url": "https://github.com/sponsors/jonschlinkert"
      }
    },
    "apps/math-app/node_modules/pinia": {
      "version": "3.0.4",
      "license": "MIT",
      "dependencies": {
        "@vue/devtools-api": "^7.7.7"
      },
      "funding": {
        "url": "https://github.com/sponsors/posva"
      },
      "peerDependencies": {
        "typescript": ">=4.5.0",
        "vue": "^3.5.11"
      },
      "peerDependenciesMeta": {
        "typescript": {
          "optional": true
        }
      }
    },
    "apps/math-app/node_modules/postcss": {
      "version": "8.5.26",
      "funding": [
        {
          "type": "opencollective",
          "url": "https://opencollective.com/postcss/"
        },
        {
          "type": "tidelift",
          "url": "https://tidelift.com/funding/github/npm/postcss"
        },
        {
          "type": "github",
          "url": "https://github.com/sponsors/ai"
        }
      ],
      "license": "MIT",
      "dependencies": {
        "nanoid": "^3.3.17",
        "picocolors": "^1.1.1",
        "source-map-js": "^1.2.1"
      },
      "engines": {
        "node": "^10 || ^12 || >=14"
      }
    },
    "apps/math-app/node_modules/rfdc": {
      "version": "1.4.1",
      "license": "MIT"
    },
    "apps/math-app/node_modules/rollup": {
      "version": "4.63.0",
      "dev": true,
      "license": "MIT",
      "dependencies": {
        "@types/estree": "1.0.9"
      },
      "bin": {
        "rollup": "dist/bin/rollup"
      },
      "engines": {
        "node": ">=18.0.0",
        "npm": ">=8.0.0"
      },
      "optionalDependencies": {
        "@napi-rs/lzma-linux-x64-gnu": "1.5.1",
        "@rollup/rollup-android-arm-eabi": "4.63.0",
        "@rollup/rollup-android-arm64": "4.63.0",
        "@rollup/rollup-darwin-arm64": "4.63.0",
        "@rollup/rollup-darwin-x64": "4.63.0",
        "@rollup/rollup-freebsd-arm64": "4.63.0",
        "@rollup/rollup-freebsd-x64": "4.63.0",
        "@rollup/rollup-linux-arm-gnueabihf": "4.63.0",
        "@rollup/rollup-linux-arm-musleabihf": "4.63.0",
        "@rollup/rollup-linux-arm64-gnu": "4.63.0",
        "@rollup/rollup-linux-arm64-musl": "4.63.0",
        "@rollup/rollup-linux-loong64-gnu": "4.63.0",
        "@rollup/rollup-linux-loong64-musl": "4.63.0",
        "@rollup/rollup-linux-ppc64-gnu": "4.63.0",
        "@rollup/rollup-linux-ppc64-musl": "4.63.0",
        "@rollup/rollup-linux-riscv64-gnu": "4.63.0",
        "@rollup/rollup-linux-riscv64-musl": "4.63.0",
        "@rollup/rollup-linux-s390x-gnu": "4.63.0",
        "@rollup/rollup-linux-x64-gnu": "4.63.0",
        "@rollup/rollup-linux-x64-musl": "4.63.0",
        "@rollup/rollup-openbsd-x64": "4.63.0",
        "@rollup/rollup-openharmony-arm64": "4.63.0",
        "@rollup/rollup-win32-arm64-msvc": "4.63.0",
        "@rollup/rollup-win32-ia32-msvc": "4.63.0",
        "@rollup/rollup-win32-x64-gnu": "4.63.0",
        "@rollup/rollup-win32-x64-msvc": "4.63.0",
        "fsevents": "~2.3.2"
      }
    },
    "apps/math-app/node_modules/source-map-js": {
      "version": "1.2.1",
      "license": "BSD-3-Clause",
      "engines": {
        "node": ">=0.10.0"
      }
    },
    "apps/math-app/node_modules/speakingurl": {
      "version": "14.0.1",
      "license": "BSD-3-Clause",
      "engines": {
        "node": ">=0.10.0"
      }
    },
    "apps/math-app/node_modules/superjson": {
      "version": "2.2.6",
      "license": "MIT",
      "dependencies": {
        "copy-anything": "^4"
      },
      "engines": {
        "node": ">=16"
      }
    },
    "apps/math-app/node_modules/tinyglobby": {
      "version": "0.2.17",
      "dev": true,
      "license": "MIT",
      "dependencies": {
        "fdir": "^6.5.0",
        "picomatch": "^4.0.4"
      },
      "engines": {
        "node": ">=12.0.0"
      },
      "funding": {
        "url": "https://github.com/sponsors/SuperchupuDev"
      }
    },
    "apps/math-app/node_modules/vite": {
      "version": "7.3.6",
      "dev": true,
      "license": "MIT",
      "dependencies": {
        "esbuild": "^0.27.0 || ^0.28.0",
        "fdir": "^6.5.0",
        "picomatch": "^4.0.3",
        "postcss": "^8.5.6",
        "rollup": "^4.43.0",
        "tinyglobby": "^0.2.15"
      },
      "bin": {
        "vite": "bin/vite.js"
      },
      "engines": {
        "node": "^20.19.0 || >=22.12.0"
      },
      "funding": {
        "url": "https://github.com/vitejs/vite?sponsor=1"
      },
      "optionalDependencies": {
        "fsevents": "~2.3.3"
      },
      "peerDependencies": {
        "@types/node": "^20.19.0 || >=22.12.0",
        "jiti": ">=1.21.0",
        "less": "^4.0.0",
        "lightningcss": "^1.21.0",
        "sass": "^1.70.0",
        "sass-embedded": "^1.70.0",
        "stylus": ">=0.54.8",
        "sugarss": "^5.0.0",
        "terser": "^5.16.0",
        "tsx": "^4.8.1",
        "yaml": "^2.4.2"
      },
      "peerDependenciesMeta": {
        "@types/node": {
          "optional": true
        },
        "jiti": {
          "optional": true
        },
        "less": {
          "optional": true
        },
        "lightningcss": {
          "optional": true
        },
        "sass": {
          "optional": true
        },
        "sass-embedded": {
          "optional": true
        },
        "stylus": {
          "optional": true
        },
        "sugarss": {
          "optional": true
        },
        "terser": {
          "optional": true
        },
        "tsx": {
          "optional": true
        },
        "yaml": {
          "optional": true
        }
      }
    },
    "apps/math-app/node_modules/vue": {
      "version": "3.5.41",
      "license": "MIT",
      "dependencies": {
        "@vue/compiler-dom": "3.5.41",
        "@vue/compiler-sfc": "3.5.41",
        "@vue/runtime-dom": "3.5.41",
        "@vue/server-renderer": "3.5.41",
        "@vue/shared": "3.5.41"
      },
      "peerDependencies": {
        "typescript": "*"
      },
      "peerDependenciesMeta": {
        "typescript": {
          "optional": true
        }
      }
    },
    "apps/math-app/node_modules/vue-router": {
      "version": "4.6.4",
      "license": "MIT",
      "dependencies": {
        "@vue/devtools-api": "^6.6.4"
      },
      "funding": {
        "url": "https://github.com/sponsors/posva"
      },
      "peerDependencies": {
        "vue": "^3.5.0"
      }
    },
    "apps/math-app/node_modules/vue-router/node_modules/@vue/devtools-api": {
      "version": "6.6.4",
      "license": "MIT"
    },
    "node_modules/literacy-app": {
      "resolved": "apps/literacy-app",
      "link": true
    },
    "node_modules/math-app": {
      "resolved": "apps/math-app",
      "link": true
    }
  }
}
